
Microsoft Visual Studio Solution File, Format Version 12.00
# Visual Studio Version 16
VisualStudioVersion = 16.0.30320.27
MinimumVisualStudioVersion = 10.0.40219.1
Project("{FAE04EC0-301F-11D3-BF4B-00C04F79EFBC}") = "FontIndexer", "FontIndexer\FontIndexer.csproj", "{0217516D-33F7-4D9A-B034-44E12704CD93}"
EndProject
Global
	GlobalSection(SolutionConfigurationPlatforms) = preSolution
		Debug|Any CPU = Debug|Any CPU
		Release|Any CPU = Release|Any CPU
	EndGlobalSection
	GlobalSection(ProjectConfigurationPlatforms) = postSolution
		{0217516D-33F7-4D9A-B034-44E12704CD93}.Debug|Any CPU.ActiveCfg = Debug|Any CPU
		{0217516D-33F7-4D9A-B034-44E12704CD93}.Debug|Any CPU.Build.0 = Debug|Any CPU
		{0217516D-33F7-4D9A-B034-44E12704CD93}.Release|Any CPU.ActiveCfg = Release|Any CPU
		{0217516D-33F7-4D9A-B034-44E12704CD93}.Release|Any CPU.Build.0 = Release|Any CPU
	EndGlobalSection
	GlobalSection(SolutionProperties) = preSolution
		HideSolutionNode = FALSE
	EndGlobalSection
	GlobalSection(ExtensibilityGlobals) = postSolution
		SolutionGuid = {CEF46016-EED1-4E77-B2DF-8EABE598D141}
	EndGlobalSection
EndGlobal
